
Microsoft Visual Studio Solution File, Format Version 12.00
# Visual Studio 15
VisualStudioVersion = 15.0.27004.2006
MinimumVisualStudioVersion = 10.0.40219.1
Project("{9A19103F-16F7-4668-BE54-9A1E7A4F7556}") = "JobMaster.Data", "JobMaster.Data\JobMaster.Data.csproj", "{2D1D752C-7E00-4963-B6A4-A672C66B585B}"
EndProject
Project("{9A19103F-16F7-4668-BE54-9A1E7A4F7556}") = "JobMaster.Service", "JobMaster.Service\JobMaster.Service.csproj", "{98563047-062A-4F12-BC68-8698B1582176}"
EndProject
Project("{9A19103F-16F7-4668-BE54-9A1E7A4F7556}") = "JobMaster.Entities", "JobMaster.Entities\JobMaster.Entities.csproj", "{8E91D6BE-3379-4AD2-B161-E4786DC2992A}"
EndProject
Project("{9A19103F-16F7-4668-BE54-9A1E7A4F7556}") = "JobMaster.Repository", "JobMaster.Repository\JobMaster.Repository.csproj", "{2A8A4F38-0344-4275-A56C-F321F34F3F70}"
EndProject
Project("{9A19103F-16F7-4668-BE54-9A1E7A4F7556}") = "JobMaster.Web", "JobMaster.Web\JobMaster.Web.csproj", "{9667B1EA-CD11-4679-9204-E79C2271571C}"
EndProject
Global
	GlobalSection(SolutionConfigurationPlatforms) = preSolution
		Debug|Any CPU = Debug|Any CPU
		Release|Any CPU = Release|Any CPU
	EndGlobalSection
	GlobalSection(ProjectConfigurationPlatforms) = postSolution
		{2D1D752C-7E00-4963-B6A4-A672C66B585B}.Debug|Any CPU.ActiveCfg = Debug|Any CPU
		{2D1D752C-7E00-4963-B6A4-A672C66B585B}.Debug|Any CPU.Build.0 = Debug|Any CPU
		{2D1D752C-7E00-4963-B6A4-A672C66B585B}.Release|Any CPU.ActiveCfg = Release|Any CPU
		{2D1D752C-7E00-4963-B6A4-A672C66B585B}.Release|Any CPU.Build.0 = Release|Any CPU
		{98563047-062A-4F12-BC68-8698B1582176}.Debug|Any CPU.ActiveCfg = Debug|Any CPU
		{98563047-062A-4F12-BC68-8698B1582176}.Debug|Any CPU.Build.0 = Debug|Any CPU
		{98563047-062A-4F12-BC68-8698B1582176}.Release|Any CPU.ActiveCfg = Release|Any CPU
		{98563047-062A-4F12-BC68-8698B1582176}.Release|Any CPU.Build.0 = Release|Any CPU
		{8E91D6BE-3379-4AD2-B161-E4786DC2992A}.Debug|Any CPU.ActiveCfg = Debug|Any CPU
		{8E91D6BE-3379-4AD2-B161-E4786DC2992A}.Debug|Any CPU.Build.0 = Debug|Any CPU
		{8E91D6BE-3379-4AD2-B161-E4786DC2992A}.Release|Any CPU.ActiveCfg = Release|Any CPU
		{8E91D6BE-3379-4AD2-B161-E4786DC2992A}.Release|Any CPU.Build.0 = Release|Any CPU
		{2A8A4F38-0344-4275-A56C-F321F34F3F70}.Debug|Any CPU.ActiveCfg = Debug|Any CPU
		{2A8A4F38-0344-4275-A56C-F321F34F3F70}.Debug|Any CPU.Build.0 = Debug|Any CPU
		{2A8A4F38-0344-4275-A56C-F321F34F3F70}.Release|Any CPU.ActiveCfg = Release|Any CPU
		{2A8A4F38-0344-4275-A56C-F321F34F3F70}.Release|Any CPU.Build.0 = Release|Any CPU
		{9667B1EA-CD11-4679-9204-E79C2271571C}.Debug|Any CPU.ActiveCfg = Debug|Any CPU
		{9667B1EA-CD11-4679-9204-E79C2271571C}.Debug|Any CPU.Build.0 = Debug|Any CPU
		{9667B1EA-CD11-4679-9204-E79C2271571C}.Release|Any CPU.ActiveCfg = Release|Any CPU
		{9667B1EA-CD11-4679-9204-E79C2271571C}.Release|Any CPU.Build.0 = Release|Any CPU
	EndGlobalSection
	GlobalSection(SolutionProperties) = preSolution
		HideSolutionNode = FALSE
	EndGlobalSection
	GlobalSection(ExtensibilityGlobals) = postSolution
		SolutionGuid = {919EFD4D-A6C0-46DE-A321-41B6E35F7DBD}
	EndGlobalSection
EndGlobal
